
Microsoft Visual Studio Solution File, Format Version 12.00
# Visual Studio Version 17
VisualStudioVersion = 17.5.002.0
MinimumVisualStudioVersion = 10.0.40219.1
Project("{9A19103F-16F7-4668-BE54-9A1E7A4F7556}") = "HelloWorldApp", "HelloWorldApp.csproj", "{053DF952-4295-4369-B6C0-958ED64594C7}"
EndProject
Global
	GlobalSection(SolutionConfigurationPlatforms) = preSolution
		Debug|Any CPU = Debug|Any CPU
		Release|Any CPU = Release|Any CPU
	EndGlobalSection
	GlobalSection(ProjectConfigurationPlatforms) = postSolution
		{053DF952-4295-4369-B6C0-958ED64594C7}.Debug|Any CPU.ActiveCfg = Debug|Any CPU
		{053DF952-4295-4369-B6C0-958ED64594C7}.Debug|Any CPU.Build.0 = Debug|Any CPU
		{053DF952-4295-4369-B6C0-958ED64594C7}.Release|Any CPU.ActiveCfg = Release|Any CPU
		{053DF952-4295-4369-B6C0-958ED64594C7}.Release|Any CPU.Build.0 = Release|Any CPU
	EndGlobalSection
	GlobalSection(SolutionProperties) = preSolution
		HideSolutionNode = FALSE
	EndGlobalSection
	GlobalSection(ExtensibilityGlobals) = postSolution
		SolutionGuid = {C7507532-C493-40ED-8D8F-3695C49F4EB5}
	EndGlobalSection
EndGlobal
